
Microsoft Visual Studio Solution File, Format Version 12.00
# Visual Studio Version 17
VisualStudioVersion = 17.6.33801.468
MinimumVisualStudioVersion = 10.0.40219.1
Project("{FAE04EC0-301F-11D3-BF4B-00C04F79EFBC}") = "Lumberjack", "Lumberjack.csproj", "{A613C0F9-418E-483B-AB17-D02D935D5986}"
EndProject
Global
	GlobalSection(SolutionConfigurationPlatforms) = preSolution
		Debug|Any CPU = Debug|Any CPU
		Release|Any CPU = Release|Any CPU
	EndGlobalSection
	GlobalSection(ProjectConfigurationPlatforms) = postSolution
		{A613C0F9-418E-483B-AB17-D02D935D5986}.Debug|Any CPU.ActiveCfg = Debug|Any CPU
		{A613C0F9-418E-483B-AB17-D02D935D5986}.Debug|Any CPU.Build.0 = Debug|Any CPU
		{A613C0F9-418E-483B-AB17-D02D935D5986}.Release|Any CPU.ActiveCfg = Release|Any CPU
		{A613C0F9-418E-483B-AB17-D02D935D5986}.Release|Any CPU.Build.0 = Release|Any CPU
	EndGlobalSection
	GlobalSection(SolutionProperties) = preSolution
		HideSolutionNode = FALSE
	EndGlobalSection
	GlobalSection(ExtensibilityGlobals) = postSolution
		SolutionGuid = {D1A6A6E3-04CF-42DA-988D-86EFBBEE591A}
	EndGlobalSection
EndGlobal
